
Microsoft Visual Studio Solution File, Format Version 12.00
# Visual Studio 15
VisualStudioVersion = 15.0.28307.1300
MinimumVisualStudioVersion = 10.0.40219.1
Project("{8BC9CEB8-8B4A-11D0-8D11-00A0C91BC942}") = "sdljoystick4java", "sdljoystick4java.vcxproj", "{09926D47-CE12-410C-A06F-3A13D20BAAAA}"
EndProject
Global
	GlobalSection(SolutionConfigurationPlatforms) = preSolution
		Debug|x64 = Debug|x64
		Debug|x86 = Debug|x86
		Release|x64 = Release|x64
		Release|x86 = Release|x86
	EndGlobalSection
	GlobalSection(ProjectConfigurationPlatforms) = postSolution
		{09926D47-CE12-410C-A06F-3A13D20BAAAA}.Debug|x64.ActiveCfg = Debug|x64
		{09926D47-CE12-410C-A06F-3A13D20BAAAA}.Debug|x64.Build.0 = Debug|x64
		{09926D47-CE12-410C-A06F-3A13D20BAAAA}.Debug|x86.ActiveCfg = Debug|Win32
		{09926D47-CE12-410C-A06F-3A13D20BAAAA}.Debug|x86.Build.0 = Debug|Win32
		{09926D47-CE12-410C-A06F-3A13D20BAAAA}.Release|x64.ActiveCfg = Release|x64
		{09926D47-CE12-410C-A06F-3A13D20BAAAA}.Release|x64.Build.0 = Release|x64
		{09926D47-CE12-410C-A06F-3A13D20BAAAA}.Release|x86.ActiveCfg = Release|Win32
		{09926D47-CE12-410C-A06F-3A13D20BAAAA}.Release|x86.Build.0 = Release|Win32
	EndGlobalSection
	GlobalSection(SolutionProperties) = preSolution
		HideSolutionNode = FALSE
	EndGlobalSection
	GlobalSection(ExtensibilityGlobals) = postSolution
		SolutionGuid = {95E09BA2-141B-4B39-B5A4-A7A2B4F15B4D}
	EndGlobalSection
EndGlobal
